
Microsoft Visual Studio Solution File, Format Version 12.00
# Visual Studio Version 17
VisualStudioVersion = 17.7.34018.315
MinimumVisualStudioVersion = 10.0.40219.1
Project("{2150E333-8FDC-42A3-9474-1A3956D46DE8}") = "Core", "Core", "{CA30681D-81DB-4CC9-996B-0E9D5E5B3680}"
EndProject
Project("{2150E333-8FDC-42A3-9474-1A3956D46DE8}") = "Infrastructure", "Infrastructure", "{150853CD-92F8-40AC-8D8A-4507D9F3B267}"
EndProject
Project("{2150E333-8FDC-42A3-9474-1A3956D46DE8}") = "UserInterface", "UserInterface", "{614A5099-EB51-4338-971F-828A259FFFEF}"
EndProject
Project("{2150E333-8FDC-42A3-9474-1A3956D46DE8}") = "Persistence", "Persistence", "{EFBC4E4D-ED92-4688-997C-232E0161BC9D}"
EndProject
Project("{9A19103F-16F7-4668-BE54-9A1E7A4F7556}") = "Domain", "Domain\Domain.csproj", "{8D05D459-E131-42E9-8E37-B7327B0251AE}"
EndProject
Project("{9A19103F-16F7-4668-BE54-9A1E7A4F7556}") = "Application", "Application\Application.csproj", "{F8D4379E-D9FC-47FD-AFC8-78FE13233493}"
EndProject
Project("{9A19103F-16F7-4668-BE54-9A1E7A4F7556}") = "Infrastructure", "Infrastructure\Infrastructure.csproj", "{AF3A791A-0088-46F4-BD50-B977AC9503E8}"
EndProject
Project("{9A19103F-16F7-4668-BE54-9A1E7A4F7556}") = "Persistence", "Persistance\Persistence.csproj", "{E469A706-9EA4-4C16-9B1D-8E75A9B3A133}"
EndProject
Project("{2150E333-8FDC-42A3-9474-1A3956D46DE8}") = "UnitTests", "UnitTests", "{5B0E487B-4930-4F79-87E1-8330906DAF8A}"
EndProject
Project("{9A19103F-16F7-4668-BE54-9A1E7A4F7556}") = "TestDomain", "TestDomein\TestDomain.csproj", "{37C27FB3-40C2-48B0-9639-5C4BBA5169FD}"
EndProject
Project("{9A19103F-16F7-4668-BE54-9A1E7A4F7556}") = "RestApi", "RestApi\RestApi.csproj", "{212E4980-E7CF-45DC-BFD3-05A5F15EE778}"
EndProject
Project("{2150E333-8FDC-42A3-9474-1A3956D46DE8}") = "ConsoleApp", "ConsoleApp", "{06740581-3299-43C8-B477-291CA56D1605}"
EndProject
Project("{9A19103F-16F7-4668-BE54-9A1E7A4F7556}") = "ConsoleAppTest1", "ConsoleAppTest1\ConsoleAppTest1.csproj", "{51C6BBE5-68B8-468D-AF45-341A14D71E58}"
EndProject
Project("{2150E333-8FDC-42A3-9474-1A3956D46DE8}") = "Presentation", "Presentation", "{83FBB382-C266-4DDB-85B8-B2B796423A97}"
EndProject
Project("{54A90642-561A-4BB1-A94E-469ADEE60C69}") = "reactapp", "Presentation\reactapp\reactapp.esproj", "{1710BC5A-F08C-4441-99E2-375C300B2BD3}"
EndProject
Project("{9A19103F-16F7-4668-BE54-9A1E7A4F7556}") = "ConsoleAppGegevensInitialisatie", "ConsoleAppGegevensInitialisatie\ConsoleAppGegevensInitialisatie.csproj", "{3D4A7249-B807-41E6-A48F-0D770903E938}"
EndProject
Project("{2150E333-8FDC-42A3-9474-1A3956D46DE8}") = "FictiveDBData", "FictiveDBData", "{05329B34-807F-459B-AAD6-260BA6C734E4}"
EndProject
Project("{9A19103F-16F7-4668-BE54-9A1E7A4F7556}") = "FictiveData", "FictiveData\FictiveData.csproj", "{3B976C0B-6F26-49E3-86B7-AF3B5D22AC5B}"
EndProject
Project("{9A19103F-16F7-4668-BE54-9A1E7A4F7556}") = "ConsoleAppTestDB", "ConsoleAppTestDB\ConsoleAppTestDB.csproj", "{337D03E6-1C28-41B2-B2E2-AE5F0356E769}"
EndProject
Global
	GlobalSection(SolutionConfigurationPlatforms) = preSolution
		Debug|Any CPU = Debug|Any CPU
		Release|Any CPU = Release|Any CPU
	EndGlobalSection
	GlobalSection(ProjectConfigurationPlatforms) = postSolution
		{8D05D459-E131-42E9-8E37-B7327B0251AE}.Debug|Any CPU.ActiveCfg = Debug|Any CPU
		{8D05D459-E131-42E9-8E37-B7327B0251AE}.Debug|Any CPU.Build.0 = Debug|Any CPU
		{8D05D459-E131-42E9-8E37-B7327B0251AE}.Release|Any CPU.ActiveCfg = Release|Any CPU
		{8D05D459-E131-42E9-8E37-B7327B0251AE}.Release|Any CPU.Build.0 = Release|Any CPU
		{F8D4379E-D9FC-47FD-AFC8-78FE13233493}.Debug|Any CPU.ActiveCfg = Debug|Any CPU
		{F8D4379E-D9FC-47FD-AFC8-78FE13233493}.Debug|Any CPU.Build.0 = Debug|Any CPU
		{F8D4379E-D9FC-47FD-AFC8-78FE13233493}.Release|Any CPU.ActiveCfg = Release|Any CPU
		{F8D4379E-D9FC-47FD-AFC8-78FE13233493}.Release|Any CPU.Build.0 = Release|Any CPU
		{AF3A791A-0088-46F4-BD50-B977AC9503E8}.Debug|Any CPU.ActiveCfg = Debug|Any CPU
		{AF3A791A-0088-46F4-BD50-B977AC9503E8}.Debug|Any CPU.Build.0 = Debug|Any CPU
		{AF3A791A-0088-46F4-BD50-B977AC9503E8}.Release|Any CPU.ActiveCfg = Release|Any CPU
		{AF3A791A-0088-46F4-BD50-B977AC9503E8}.Release|Any CPU.Build.0 = Release|Any CPU
		{E469A706-9EA4-4C16-9B1D-8E75A9B3A133}.Debug|Any CPU.ActiveCfg = Debug|Any CPU
		{E469A706-9EA4-4C16-9B1D-8E75A9B3A133}.Debug|Any CPU.Build.0 = Debug|Any CPU
		{E469A706-9EA4-4C16-9B1D-8E75A9B3A133}.Release|Any CPU.ActiveCfg = Release|Any CPU
		{E469A706-9EA4-4C16-9B1D-8E75A9B3A133}.Release|Any CPU.Build.0 = Release|Any CPU
		{37C27FB3-40C2-48B0-9639-5C4BBA5169FD}.Debug|Any CPU.ActiveCfg = Debug|Any CPU
		{37C27FB3-40C2-48B0-9639-5C4BBA5169FD}.Debug|Any CPU.Build.0 = Debug|Any CPU
		{37C27FB3-40C2-48B0-9639-5C4BBA5169FD}.Release|Any CPU.ActiveCfg = Release|Any CPU
		{37C27FB3-40C2-48B0-9639-5C4BBA5169FD}.Release|Any CPU.Build.0 = Release|Any CPU
		{212E4980-E7CF-45DC-BFD3-05A5F15EE778}.Debug|Any CPU.ActiveCfg = Debug|Any CPU
		{212E4980-E7CF-45DC-BFD3-05A5F15EE778}.Debug|Any CPU.Build.0 = Debug|Any CPU
		{212E4980-E7CF-45DC-BFD3-05A5F15EE778}.Release|Any CPU.ActiveCfg = Release|Any CPU
		{212E4980-E7CF-45DC-BFD3-05A5F15EE778}.Release|Any CPU.Build.0 = Release|Any CPU
		{51C6BBE5-68B8-468D-AF45-341A14D71E58}.Debug|Any CPU.ActiveCfg = Debug|Any CPU
		{51C6BBE5-68B8-468D-AF45-341A14D71E58}.Debug|Any CPU.Build.0 = Debug|Any CPU
		{51C6BBE5-68B8-468D-AF45-341A14D71E58}.Release|Any CPU.ActiveCfg = Release|Any CPU
		{51C6BBE5-68B8-468D-AF45-341A14D71E58}.Release|Any CPU.Build.0 = Release|Any CPU
		{1710BC5A-F08C-4441-99E2-375C300B2BD3}.Debug|Any CPU.ActiveCfg = Debug|Any CPU
		{1710BC5A-F08C-4441-99E2-375C300B2BD3}.Debug|Any CPU.Build.0 = Debug|Any CPU
		{1710BC5A-F08C-4441-99E2-375C300B2BD3}.Debug|Any CPU.Deploy.0 = Debug|Any CPU
		{1710BC5A-F08C-4441-99E2-375C300B2BD3}.Release|Any CPU.ActiveCfg = Release|Any CPU
		{1710BC5A-F08C-4441-99E2-375C300B2BD3}.Release|Any CPU.Build.0 = Release|Any CPU
		{1710BC5A-F08C-4441-99E2-375C300B2BD3}.Release|Any CPU.Deploy.0 = Release|Any CPU
		{3D4A7249-B807-41E6-A48F-0D770903E938}.Debug|Any CPU.ActiveCfg = Debug|Any CPU
		{3D4A7249-B807-41E6-A48F-0D770903E938}.Debug|Any CPU.Build.0 = Debug|Any CPU
		{3D4A7249-B807-41E6-A48F-0D770903E938}.Release|Any CPU.ActiveCfg = Release|Any CPU
		{3D4A7249-B807-41E6-A48F-0D770903E938}.Release|Any CPU.Build.0 = Release|Any CPU
		{3B976C0B-6F26-49E3-86B7-AF3B5D22AC5B}.Debug|Any CPU.ActiveCfg = Debug|Any CPU
		{3B976C0B-6F26-49E3-86B7-AF3B5D22AC5B}.Debug|Any CPU.Build.0 = Debug|Any CPU
		{3B976C0B-6F26-49E3-86B7-AF3B5D22AC5B}.Release|Any CPU.ActiveCfg = Release|Any CPU
		{3B976C0B-6F26-49E3-86B7-AF3B5D22AC5B}.Release|Any CPU.Build.0 = Release|Any CPU
		{337D03E6-1C28-41B2-B2E2-AE5F0356E769}.Debug|Any CPU.ActiveCfg = Debug|Any CPU
		{337D03E6-1C28-41B2-B2E2-AE5F0356E769}.Debug|Any CPU.Build.0 = Debug|Any CPU
		{337D03E6-1C28-41B2-B2E2-AE5F0356E769}.Release|Any CPU.ActiveCfg = Release|Any CPU
		{337D03E6-1C28-41B2-B2E2-AE5F0356E769}.Release|Any CPU.Build.0 = Release|Any CPU
	EndGlobalSection
	GlobalSection(SolutionProperties) = preSolution
		HideSolutionNode = FALSE
	EndGlobalSection
	GlobalSection(NestedProjects) = preSolution
		{8D05D459-E131-42E9-8E37-B7327B0251AE} = {CA30681D-81DB-4CC9-996B-0E9D5E5B3680}
		{F8D4379E-D9FC-47FD-AFC8-78FE13233493} = {CA30681D-81DB-4CC9-996B-0E9D5E5B3680}
		{AF3A791A-0088-46F4-BD50-B977AC9503E8} = {150853CD-92F8-40AC-8D8A-4507D9F3B267}
		{E469A706-9EA4-4C16-9B1D-8E75A9B3A133} = {EFBC4E4D-ED92-4688-997C-232E0161BC9D}
		{37C27FB3-40C2-48B0-9639-5C4BBA5169FD} = {5B0E487B-4930-4F79-87E1-8330906DAF8A}
		{51C6BBE5-68B8-468D-AF45-341A14D71E58} = {06740581-3299-43C8-B477-291CA56D1605}
		{1710BC5A-F08C-4441-99E2-375C300B2BD3} = {83FBB382-C266-4DDB-85B8-B2B796423A97}
		{3D4A7249-B807-41E6-A48F-0D770903E938} = {06740581-3299-43C8-B477-291CA56D1605}
		{3B976C0B-6F26-49E3-86B7-AF3B5D22AC5B} = {05329B34-807F-459B-AAD6-260BA6C734E4}
		{337D03E6-1C28-41B2-B2E2-AE5F0356E769} = {06740581-3299-43C8-B477-291CA56D1605}
	EndGlobalSection
	GlobalSection(ExtensibilityGlobals) = postSolution
		SolutionGuid = {50FBAA9E-22FD-4C17-B69E-507ED4268C90}
	EndGlobalSection
EndGlobal
